{
  "originHash" : "8363f8717e764f3f9cf614469af3af50f6d8a79f388a70a33a8bfa6086fc8619",
  "pins" : [
    {
      "identity" : "keychain-swift",
      "kind" : "remoteSourceControl",
      "location" : "https://github.com/evgenyneu/keychain-swift.git",
      "state" : {
        "revision" : "5e1b02b6a9dac2a759a1d5dbc175c86bd192a608",
        "version" : "24.0.0"
      }
    },
    {
      "identity" : "lottie-spm",
      "kind" : "remoteSourceControl",
      "location" : "https://github.com/airbnb/lottie-spm.git",
      "state" : {
        "revision" : "8c6edf4f0fa84fe9c058600a4295eb0c01661c69",
        "version" : "4.5.1"
      }
    },
    {
      "identity" : "swiftui-code39",
      "kind" : "remoteSourceControl",
      "location" : "https://github.com/jiahan-wu/swiftui-code39.git",
      "state" : {
        "revision" : "b91feac56059944e5e857c8576bc7708b2cf5b0f",
        "version" : "1.1.0"
      }
    }
  ],
  "version" : 3
}
