// !$*UTF8*$!
{
	archiveVersion = 1;
	classes = {
	};
	objectVersion = 77;
	objects = {

/* Begin PBXBuildFile section */
		1826CDA82CF4477F00471CA4 /* KeychainSwift in Frameworks */ = {isa = PBXBuildFile; productRef = 1826CDA72CF4477F00471CA4 /* KeychainSwift */; };
		184BADB32CFAB273001811DB /* Reachability in Frameworks */ = {isa = PBXBuildFile; productRef = 184BADB22CFAB273001811DB /* Reachability */; };
		184BADB52CFAB403001811DB /* Reachability in Frameworks */ = {isa = PBXBuildFile; productRef = 184BADB42CFAB403001811DB /* Reachability */; };
		185C49572CF6DD8400589C39 /* WidgetKit.framework in Frameworks */ = {isa = PBXBuildFile; fileRef = 185C49562CF6DD8400589C39 /* WidgetKit.framework */; };
		185C49592CF6DD8400589C39 /* SwiftUI.framework in Frameworks */ = {isa = PBXBuildFile; fileRef = 185C49582CF6DD8400589C39 /* SwiftUI.framework */; };
		185C49662CF6DD8600589C39 /* CoursesWidgetExtension.appex in Embed Foundation Extensions */ = {isa = PBXBuildFile; fileRef = 185C49542CF6DD8400589C39 /* CoursesWidgetExtension.appex */; settings = {ATTRIBUTES = (RemoveHeadersOnCopy, ); }; };
		188D2E7F2CF81E4F005E1B52 /* KeychainSwift in Frameworks */ = {isa = PBXBuildFile; productRef = 188D2E7E2CF81E4F005E1B52 /* KeychainSwift */; };
		189DD2CF2D5C516F009AF8E7 /* Lottie in Frameworks */ = {isa = PBXBuildFile; productRef = 189DD2CE2D5C516F009AF8E7 /* Lottie */; };
		18F5FBF82D2E706100D3212C /* Code39 in Frameworks */ = {isa = PBXBuildFile; productRef = 18F5FBF72D2E706100D3212C /* Code39 */; };
/* End PBXBuildFile section */

/* Begin PBXContainerItemProxy section */
		185C49642CF6DD8600589C39 /* PBXContainerItemProxy */ = {
			isa = PBXContainerItemProxy;
			containerPortal = 18B368112CE5FA110027FEBE /* Project object */;
			proxyType = 1;
			remoteGlobalIDString = 185C49532CF6DD8400589C39;
			remoteInfo = CoursesWidgetExtension;
		};
		18B3682B2CE5FA130027FEBE /* PBXContainerItemProxy */ = {
			isa = PBXContainerItemProxy;
			containerPortal = 18B368112CE5FA110027FEBE /* Project object */;
			proxyType = 1;
			remoteGlobalIDString = 18B368182CE5FA110027FEBE;
			remoteInfo = campuspass_ios;
		};
		18B368352CE5FA130027FEBE /* PBXContainerItemProxy */ = {
			isa = PBXContainerItemProxy;
			containerPortal = 18B368112CE5FA110027FEBE /* Project object */;
			proxyType = 1;
			remoteGlobalIDString = 18B368182CE5FA110027FEBE;
			remoteInfo = campuspass_ios;
		};
/* End PBXContainerItemProxy section */

/* Begin PBXCopyFilesBuildPhase section */
		185C49672CF6DD8600589C39 /* Embed Foundation Extensions */ = {
			isa = PBXCopyFilesBuildPhase;
			buildActionMask = 2147483647;
			dstPath = "";
			dstSubfolderSpec = 13;
			files = (
				185C49662CF6DD8600589C39 /* CoursesWidgetExtension.appex in Embed Foundation Extensions */,
			);
			name = "Embed Foundation Extensions";
			runOnlyForDeploymentPostprocessing = 0;
		};
/* End PBXCopyFilesBuildPhase section */

/* Begin PBXFileReference section */
		185C49542CF6DD8400589C39 /* CoursesWidgetExtension.appex */ = {isa = PBXFileReference; explicitFileType = "wrapper.app-extension"; includeInIndex = 0; path = CoursesWidgetExtension.appex; sourceTree = BUILT_PRODUCTS_DIR; };
		185C49562CF6DD8400589C39 /* WidgetKit.framework */ = {isa = PBXFileReference; lastKnownFileType = wrapper.framework; name = WidgetKit.framework; path = System/Library/Frameworks/WidgetKit.framework; sourceTree = SDKROOT; };
		185C49582CF6DD8400589C39 /* SwiftUI.framework */ = {isa = PBXFileReference; lastKnownFileType = wrapper.framework; name = SwiftUI.framework; path = System/Library/Frameworks/SwiftUI.framework; sourceTree = SDKROOT; };
		185C496C2CF6DDD900589C39 /* CoursesWidgetExtension.entitlements */ = {isa = PBXFileReference; lastKnownFileType = text.plist.entitlements; path = CoursesWidgetExtension.entitlements; sourceTree = "<group>"; };
		18B368192CE5FA110027FEBE /* dauphin.app */ = {isa = PBXFileReference; explicitFileType = wrapper.application; includeInIndex = 0; path = dauphin.app; sourceTree = BUILT_PRODUCTS_DIR; };
		18B3682A2CE5FA130027FEBE /* dauphinTests.xctest */ = {isa = PBXFileReference; explicitFileType = wrapper.cfbundle; includeInIndex = 0; path = dauphinTests.xctest; sourceTree = BUILT_PRODUCTS_DIR; };
		18B368342CE5FA130027FEBE /* dauphinUITests.xctest */ = {isa = PBXFileReference; explicitFileType = wrapper.cfbundle; includeInIndex = 0; path = dauphinUITests.xctest; sourceTree = BUILT_PRODUCTS_DIR; };
/* End PBXFileReference section */

/* Begin PBXFileSystemSynchronizedBuildFileExceptionSet section */
		182948842CEA34D200D0F31C /* Exceptions for "dauphin" folder in "dauphin" target */ = {
			isa = PBXFileSystemSynchronizedBuildFileExceptionSet;
			assetTagsByRelativePath = {
				APIKEYS.json = (APIKeys, );
			};
			membershipExceptions = (
				Info.plist,
			);
			target = 18B368182CE5FA110027FEBE /* dauphin */;
		};
		185C496B2CF6DD8600589C39 /* Exceptions for "CoursesWidget" folder in "CoursesWidgetExtension" target */ = {
			isa = PBXFileSystemSynchronizedBuildFileExceptionSet;
			membershipExceptions = (
				Info.plist,
			);
			target = 185C49532CF6DD8400589C39 /* CoursesWidgetExtension */;
		};
		185C496E2CF6E97D00589C39 /* Exceptions for "dauphin" folder in "CoursesWidgetExtension" target */ = {
			isa = PBXFileSystemSynchronizedBuildFileExceptionSet;
			membershipExceptions = (
				Models/Course.swift,
				Utilities/Constants.swift,
				Utilities/CourseData.swift,
				Utilities/Encrypto.swift,
				Utilities/KeychainManager.swift,
				ViewModels/CourseViewModel.swift,
			);
			target = 185C49532CF6DD8400589C39 /* CoursesWidgetExtension */;
		};
/* End PBXFileSystemSynchronizedBuildFileExceptionSet section */

/* Begin PBXFileSystemSynchronizedRootGroup section */
		185C495A2CF6DD8400589C39 /* CoursesWidget */ = {
			isa = PBXFileSystemSynchronizedRootGroup;
			exceptions = (
				185C496B2CF6DD8600589C39 /* Exceptions for "CoursesWidget" folder in "CoursesWidgetExtension" target */,
			);
			path = CoursesWidget;
			sourceTree = "<group>";
		};
		18B3681B2CE5FA110027FEBE /* dauphin */ = {
			isa = PBXFileSystemSynchronizedRootGroup;
			exceptions = (
				182948842CEA34D200D0F31C /* Exceptions for "dauphin" folder in "dauphin" target */,
				185C496E2CF6E97D00589C39 /* Exceptions for "dauphin" folder in "CoursesWidgetExtension" target */,
			);
			path = dauphin;
			sourceTree = "<group>";
		};
		18B3682D2CE5FA130027FEBE /* campuspass_iosTests */ = {
			isa = PBXFileSystemSynchronizedRootGroup;
			path = campuspass_iosTests;
			sourceTree = "<group>";
		};
		18B368372CE5FA130027FEBE /* campuspass_iosUITests */ = {
			isa = PBXFileSystemSynchronizedRootGroup;
			path = campuspass_iosUITests;
			sourceTree = "<group>";
		};
/* End PBXFileSystemSynchronizedRootGroup section */

/* Begin PBXFrameworksBuildPhase section */
		185C49512CF6DD8400589C39 /* Frameworks */ = {
			isa = PBXFrameworksBuildPhase;
			buildActionMask = 2147483647;
			files = (
				188D2E7F2CF81E4F005E1B52 /* KeychainSwift in Frameworks */,
				184BADB52CFAB403001811DB /* Reachability in Frameworks */,
				185C49592CF6DD8400589C39 /* SwiftUI.framework in Frameworks */,
				185C49572CF6DD8400589C39 /* WidgetKit.framework in Frameworks */,
			);
			runOnlyForDeploymentPostprocessing = 0;
		};
		18B368162CE5FA110027FEBE /* Frameworks */ = {
			isa = PBXFrameworksBuildPhase;
			buildActionMask = 2147483647;
			files = (
				18F5FBF82D2E706100D3212C /* Code39 in Frameworks */,
				1826CDA82CF4477F00471CA4 /* KeychainSwift in Frameworks */,
				184BADB32CFAB273001811DB /* Reachability in Frameworks */,
				189DD2CF2D5C516F009AF8E7 /* Lottie in Frameworks */,
			);
			runOnlyForDeploymentPostprocessing = 0;
		};
		18B368272CE5FA130027FEBE /* Frameworks */ = {
			isa = PBXFrameworksBuildPhase;
			buildActionMask = 2147483647;
			files = (
			);
			runOnlyForDeploymentPostprocessing = 0;
		};
		18B368312CE5FA130027FEBE /* Frameworks */ = {
			isa = PBXFrameworksBuildPhase;
			buildActionMask = 2147483647;
			files = (
			);
			runOnlyForDeploymentPostprocessing = 0;
		};
/* End PBXFrameworksBuildPhase section */

/* Begin PBXGroup section */
		185C49552CF6DD8400589C39 /* Frameworks */ = {
			isa = PBXGroup;
			children = (
				185C49562CF6DD8400589C39 /* WidgetKit.framework */,
				185C49582CF6DD8400589C39 /* SwiftUI.framework */,
			);
			name = Frameworks;
			sourceTree = "<group>";
		};
		18B368102CE5FA110027FEBE = {
			isa = PBXGroup;
			children = (
				185C496C2CF6DDD900589C39 /* CoursesWidgetExtension.entitlements */,
				18B3681B2CE5FA110027FEBE /* dauphin */,
				18B3682D2CE5FA130027FEBE /* campuspass_iosTests */,
				18B368372CE5FA130027FEBE /* campuspass_iosUITests */,
				185C495A2CF6DD8400589C39 /* CoursesWidget */,
				185C49552CF6DD8400589C39 /* Frameworks */,
				18B3681A2CE5FA110027FEBE /* Products */,
			);
			sourceTree = "<group>";
		};
		18B3681A2CE5FA110027FEBE /* Products */ = {
			isa = PBXGroup;
			children = (
				18B368192CE5FA110027FEBE /* dauphin.app */,
				18B3682A2CE5FA130027FEBE /* dauphinTests.xctest */,
				18B368342CE5FA130027FEBE /* dauphinUITests.xctest */,
				185C49542CF6DD8400589C39 /* CoursesWidgetExtension.appex */,
			);
			name = Products;
			sourceTree = "<group>";
		};
/* End PBXGroup section */

/* Begin PBXNativeTarget section */
		185C49532CF6DD8400589C39 /* CoursesWidgetExtension */ = {
			isa = PBXNativeTarget;
			buildConfigurationList = 185C496A2CF6DD8600589C39 /* Build configuration list for PBXNativeTarget "CoursesWidgetExtension" */;
			buildPhases = (
				185C49502CF6DD8400589C39 /* Sources */,
				185C49512CF6DD8400589C39 /* Frameworks */,
				185C49522CF6DD8400589C39 /* Resources */,
			);
			buildRules = (
			);
			dependencies = (
			);
			fileSystemSynchronizedGroups = (
				185C495A2CF6DD8400589C39 /* CoursesWidget */,
			);
			name = CoursesWidgetExtension;
			packageProductDependencies = (
				188D2E7E2CF81E4F005E1B52 /* KeychainSwift */,
				184BADB42CFAB403001811DB /* Reachability */,
			);
			productName = CoursesWidgetExtension;
			productReference = 185C49542CF6DD8400589C39 /* CoursesWidgetExtension.appex */;
			productType = "com.apple.product-type.app-extension";
		};
		18B368182CE5FA110027FEBE /* dauphin */ = {
			isa = PBXNativeTarget;
			buildConfigurationList = 18B3683E2CE5FA130027FEBE /* Build configuration list for PBXNativeTarget "dauphin" */;
			buildPhases = (
				18B368152CE5FA110027FEBE /* Sources */,
				18B368162CE5FA110027FEBE /* Frameworks */,
				18B368172CE5FA110027FEBE /* Resources */,
				185C49672CF6DD8600589C39 /* Embed Foundation Extensions */,
			);
			buildRules = (
			);
			dependencies = (
				185C49652CF6DD8600589C39 /* PBXTargetDependency */,
			);
			fileSystemSynchronizedGroups = (
				18B3681B2CE5FA110027FEBE /* dauphin */,
			);
			name = dauphin;
			packageProductDependencies = (
				1826CDA72CF4477F00471CA4 /* KeychainSwift */,
				184BADB22CFAB273001811DB /* Reachability */,
				18F5FBF72D2E706100D3212C /* Code39 */,
				189DD2CE2D5C516F009AF8E7 /* Lottie */,
			);
			productName = campuspass_ios;
			productReference = 18B368192CE5FA110027FEBE /* dauphin.app */;
			productType = "com.apple.product-type.application";
		};
		18B368292CE5FA130027FEBE /* dauphinTests */ = {
			isa = PBXNativeTarget;
			buildConfigurationList = 18B368412CE5FA130027FEBE /* Build configuration list for PBXNativeTarget "dauphinTests" */;
			buildPhases = (
				18B368262CE5FA130027FEBE /* Sources */,
				18B368272CE5FA130027FEBE /* Frameworks */,
				18B368282CE5FA130027FEBE /* Resources */,
			);
			buildRules = (
			);
			dependencies = (
				18B3682C2CE5FA130027FEBE /* PBXTargetDependency */,
			);
			fileSystemSynchronizedGroups = (
				18B3682D2CE5FA130027FEBE /* campuspass_iosTests */,
			);
			name = dauphinTests;
			packageProductDependencies = (
			);
			productName = campuspass_iosTests;
			productReference = 18B3682A2CE5FA130027FEBE /* dauphinTests.xctest */;
			productType = "com.apple.product-type.bundle.unit-test";
		};
		18B368332CE5FA130027FEBE /* dauphinUITests */ = {
			isa = PBXNativeTarget;
			buildConfigurationList = 18B368442CE5FA130027FEBE /* Build configuration list for PBXNativeTarget "dauphinUITests" */;
			buildPhases = (
				18B368302CE5FA130027FEBE /* Sources */,
				18B368312CE5FA130027FEBE /* Frameworks */,
				18B368322CE5FA130027FEBE /* Resources */,
			);
			buildRules = (
			);
			dependencies = (
				18B368362CE5FA130027FEBE /* PBXTargetDependency */,
			);
			fileSystemSynchronizedGroups = (
				18B368372CE5FA130027FEBE /* campuspass_iosUITests */,
			);
			name = dauphinUITests;
			packageProductDependencies = (
			);
			productName = campuspass_iosUITests;
			productReference = 18B368342CE5FA130027FEBE /* dauphinUITests.xctest */;
			productType = "com.apple.product-type.bundle.ui-testing";
		};
/* End PBXNativeTarget section */

/* Begin PBXProject section */
		18B368112CE5FA110027FEBE /* Project object */ = {
			isa = PBXProject;
			attributes = {
				BuildIndependentTargetsInParallel = 1;
				KnownAssetTags = (
					APIKeys,
				);
				LastSwiftUpdateCheck = 1610;
				LastUpgradeCheck = 1620;
				TargetAttributes = {
					185C49532CF6DD8400589C39 = {
						CreatedOnToolsVersion = 16.1;
					};
					18B368182CE5FA110027FEBE = {
						CreatedOnToolsVersion = 16.1;
					};
					18B368292CE5FA130027FEBE = {
						CreatedOnToolsVersion = 16.1;
						TestTargetID = 18B368182CE5FA110027FEBE;
					};
					18B368332CE5FA130027FEBE = {
						CreatedOnToolsVersion = 16.1;
						TestTargetID = 18B368182CE5FA110027FEBE;
					};
				};
			};
			buildConfigurationList = 18B368142CE5FA110027FEBE /* Build configuration list for PBXProject "Dauphin" */;
			developmentRegion = en;
			hasScannedForEncodings = 0;
			knownRegions = (
				en,
				Base,
				"zh-Hant",
			);
			mainGroup = 18B368102CE5FA110027FEBE;
			minimizedProjectReferenceProxies = 1;
			packageReferences = (
				1826CDA42CF446E100471CA4 /* XCRemoteSwiftPackageReference "keychain-swift" */,
				18DF0BEB2CFAB056008E2674 /* XCRemoteSwiftPackageReference "Reachability" */,
				18F5FBF62D2E6FD900D3212C /* XCRemoteSwiftPackageReference "swiftui-code39" */,
				1869F7D52D4AF0A70033F539 /* XCRemoteSwiftPackageReference "lottie-spm" */,
			);
			preferredProjectObjectVersion = 77;
			productRefGroup = 18B3681A2CE5FA110027FEBE /* Products */;
			projectDirPath = "";
			projectRoot = "";
			targets = (
				18B368182CE5FA110027FEBE /* dauphin */,
				18B368292CE5FA130027FEBE /* dauphinTests */,
				18B368332CE5FA130027FEBE /* dauphinUITests */,
				185C49532CF6DD8400589C39 /* CoursesWidgetExtension */,
			);
		};
/* End PBXProject section */

/* Begin PBXResourcesBuildPhase section */
		185C49522CF6DD8400589C39 /* Resources */ = {
			isa = PBXResourcesBuildPhase;
			buildActionMask = 2147483647;
			files = (
			);
			runOnlyForDeploymentPostprocessing = 0;
		};
		18B368172CE5FA110027FEBE /* Resources */ = {
			isa = PBXResourcesBuildPhase;
			buildActionMask = 2147483647;
			files = (
			);
			runOnlyForDeploymentPostprocessing = 0;
		};
		18B368282CE5FA130027FEBE /* Resources */ = {
			isa = PBXResourcesBuildPhase;
			buildActionMask = 2147483647;
			files = (
			);
			runOnlyForDeploymentPostprocessing = 0;
		};
		18B368322CE5FA130027FEBE /* Resources */ = {
			isa = PBXResourcesBuildPhase;
			buildActionMask = 2147483647;
			files = (
			);
			runOnlyForDeploymentPostprocessing = 0;
		};
/* End PBXResourcesBuildPhase section */

/* Begin PBXSourcesBuildPhase section */
		185C49502CF6DD8400589C39 /* Sources */ = {
			isa = PBXSourcesBuildPhase;
			buildActionMask = 2147483647;
			files = (
			);
			runOnlyForDeploymentPostprocessing = 0;
		};
		18B368152CE5FA110027FEBE /* Sources */ = {
			isa = PBXSourcesBuildPhase;
			buildActionMask = 2147483647;
			files = (
			);
			runOnlyForDeploymentPostprocessing = 0;
		};
		18B368262CE5FA130027FEBE /* Sources */ = {
			isa = PBXSourcesBuildPhase;
			buildActionMask = 2147483647;
			files = (
			);
			runOnlyForDeploymentPostprocessing = 0;
		};
		18B368302CE5FA130027FEBE /* Sources */ = {
			isa = PBXSourcesBuildPhase;
			buildActionMask = 2147483647;
			files = (
			);
			runOnlyForDeploymentPostprocessing = 0;
		};
/* End PBXSourcesBuildPhase section */

/* Begin PBXTargetDependency section */
		185C49652CF6DD8600589C39 /* PBXTargetDependency */ = {
			isa = PBXTargetDependency;
			target = 185C49532CF6DD8400589C39 /* CoursesWidgetExtension */;
			targetProxy = 185C49642CF6DD8600589C39 /* PBXContainerItemProxy */;
		};
		18B3682C2CE5FA130027FEBE /* PBXTargetDependency */ = {
			isa = PBXTargetDependency;
			target = 18B368182CE5FA110027FEBE /* dauphin */;
			targetProxy = 18B3682B2CE5FA130027FEBE /* PBXContainerItemProxy */;
		};
		18B368362CE5FA130027FEBE /* PBXTargetDependency */ = {
			isa = PBXTargetDependency;
			target = 18B368182CE5FA110027FEBE /* dauphin */;
			targetProxy = 18B368352CE5FA130027FEBE /* PBXContainerItemProxy */;
		};
/* End PBXTargetDependency section */

/* Begin XCBuildConfiguration section */
		185C49682CF6DD8600589C39 /* Debug */ = {
			isa = XCBuildConfiguration;
			buildSettings = {
				ASSETCATALOG_COMPILER_GLOBAL_ACCENT_COLOR_NAME = AccentColor;
				ASSETCATALOG_COMPILER_WIDGET_BACKGROUND_COLOR_NAME = WidgetBackground;
				CODE_SIGN_ENTITLEMENTS = CoursesWidgetExtension.entitlements;
				CODE_SIGN_STYLE = Automatic;
				CURRENT_PROJECT_VERSION = 1;
				DEVELOPMENT_TEAM = J7DG8X424B;
				GENERATE_INFOPLIST_FILE = YES;
				INFOPLIST_FILE = CoursesWidget/Info.plist;
				INFOPLIST_KEY_CFBundleDisplayName = CoursesWidget;
				INFOPLIST_KEY_NSHumanReadableCopyright = "";
				IPHONEOS_DEPLOYMENT_TARGET = 17.6;
				LD_RUNPATH_SEARCH_PATHS = (
					"$(inherited)",
					"@executable_path/Frameworks",
					"@executable_path/../../Frameworks",
				);
				MARKETING_VERSION = 1.0.1;
				PRODUCT_BUNDLE_IDENTIFIER = cantpr09ram.dauphin.widgets;
				PRODUCT_NAME = "$(TARGET_NAME)";
				SDKROOT = iphoneos;
				SKIP_INSTALL = YES;
				SUPPORTED_PLATFORMS = "iphoneos iphonesimulator";
				SUPPORTS_MACCATALYST = NO;
				SUPPORTS_MAC_DESIGNED_FOR_IPHONE_IPAD = NO;
				SUPPORTS_XR_DESIGNED_FOR_IPHONE_IPAD = NO;
				SWIFT_EMIT_LOC_STRINGS = YES;
				SWIFT_VERSION = 5.0;
				TARGETED_DEVICE_FAMILY = "1,2";
			};
			name = Debug;
		};
		185C49692CF6DD8600589C39 /* Release */ = {
			isa = XCBuildConfiguration;
			buildSettings = {
				ASSETCATALOG_COMPILER_GLOBAL_ACCENT_COLOR_NAME = AccentColor;
				ASSETCATALOG_COMPILER_WIDGET_BACKGROUND_COLOR_NAME = WidgetBackground;
				CODE_SIGN_ENTITLEMENTS = CoursesWidgetExtension.entitlements;
				CODE_SIGN_STYLE = Automatic;
				CURRENT_PROJECT_VERSION = 1;
				DEVELOPMENT_TEAM = J7DG8X424B;
				GENERATE_INFOPLIST_FILE = YES;
				INFOPLIST_FILE = CoursesWidget/Info.plist;
				INFOPLIST_KEY_CFBundleDisplayName = CoursesWidget;
				INFOPLIST_KEY_NSHumanReadableCopyright = "";
				IPHONEOS_DEPLOYMENT_TARGET = 17.6;
				LD_RUNPATH_SEARCH_PATHS = (
					"$(inherited)",
					"@executable_path/Frameworks",
					"@executable_path/../../Frameworks",
				);
				MARKETING_VERSION = 1.0.1;
				PRODUCT_BUNDLE_IDENTIFIER = cantpr09ram.dauphin.widgets;
				PRODUCT_NAME = "$(TARGET_NAME)";
				SDKROOT = iphoneos;
				SKIP_INSTALL = YES;
				SUPPORTED_PLATFORMS = "iphoneos iphonesimulator";
				SUPPORTS_MACCATALYST = NO;
				SUPPORTS_MAC_DESIGNED_FOR_IPHONE_IPAD = NO;
				SUPPORTS_XR_DESIGNED_FOR_IPHONE_IPAD = NO;
				SWIFT_EMIT_LOC_STRINGS = YES;
				SWIFT_VERSION = 5.0;
				TARGETED_DEVICE_FAMILY = "1,2";
				VALIDATE_PRODUCT = YES;
			};
			name = Release;
		};
		18B3683C2CE5FA130027FEBE /* Debug */ = {
			isa = XCBuildConfiguration;
			buildSettings = {
				ALWAYS_SEARCH_USER_PATHS = NO;
				ASSETCATALOG_COMPILER_GENERATE_SWIFT_ASSET_SYMBOL_EXTENSIONS = YES;
				CLANG_ANALYZER_LOCALIZABILITY_NONLOCALIZED = YES;
				CLANG_ANALYZER_NONNULL = YES;
				CLANG_ANALYZER_NUMBER_OBJECT_CONVERSION = YES_AGGRESSIVE;
				CLANG_CXX_LANGUAGE_STANDARD = "gnu++20";
				CLANG_ENABLE_MODULES = YES;
				CLANG_ENABLE_OBJC_ARC = YES;
				CLANG_ENABLE_OBJC_WEAK = YES;
				CLANG_WARN_BLOCK_CAPTURE_AUTORELEASING = YES;
				CLANG_WARN_BOOL_CONVERSION = YES;
				CLANG_WARN_COMMA = YES;
				CLANG_WARN_CONSTANT_CONVERSION = YES;
				CLANG_WARN_DEPRECATED_OBJC_IMPLEMENTATIONS = YES;
				CLANG_WARN_DIRECT_OBJC_ISA_USAGE = YES_ERROR;
				CLANG_WARN_DOCUMENTATION_COMMENTS = YES;
				CLANG_WARN_EMPTY_BODY = YES;
				CLANG_WARN_ENUM_CONVERSION = YES;
				CLANG_WARN_INFINITE_RECURSION = YES;
				CLANG_WARN_INT_CONVERSION = YES;
				CLANG_WARN_NON_LITERAL_NULL_CONVERSION = YES;
				CLANG_WARN_OBJC_IMPLICIT_RETAIN_SELF = YES;
				CLANG_WARN_OBJC_LITERAL_CONVERSION = YES;
				CLANG_WARN_OBJC_ROOT_CLASS = YES_ERROR;
				CLANG_WARN_QUOTED_INCLUDE_IN_FRAMEWORK_HEADER = YES;
				CLANG_WARN_RANGE_LOOP_ANALYSIS = YES;
				CLANG_WARN_STRICT_PROTOTYPES = YES;
				CLANG_WARN_SUSPICIOUS_MOVE = YES;
				CLANG_WARN_UNGUARDED_AVAILABILITY = YES_AGGRESSIVE;
				CLANG_WARN_UNREACHABLE_CODE = YES;
				CLANG_WARN__DUPLICATE_METHOD_MATCH = YES;
				COPY_PHASE_STRIP = NO;
				DEAD_CODE_STRIPPING = YES;
				DEBUG_INFORMATION_FORMAT = dwarf;
				ENABLE_STRICT_OBJC_MSGSEND = YES;
				ENABLE_TESTABILITY = YES;
				ENABLE_USER_SCRIPT_SANDBOXING = YES;
				GCC_C_LANGUAGE_STANDARD = gnu17;
				GCC_DYNAMIC_NO_PIC = NO;
				GCC_NO_COMMON_BLOCKS = YES;
				GCC_OPTIMIZATION_LEVEL = 0;
				GCC_PREPROCESSOR_DEFINITIONS = (
					"DEBUG=1",
					"$(inherited)",
				);
				GCC_WARN_64_TO_32_BIT_CONVERSION = YES;
				GCC_WARN_ABOUT_RETURN_TYPE = YES_ERROR;
				GCC_WARN_UNDECLARED_SELECTOR = YES;
				GCC_WARN_UNINITIALIZED_AUTOS = YES_AGGRESSIVE;
				GCC_WARN_UNUSED_FUNCTION = YES;
				GCC_WARN_UNUSED_VARIABLE = YES;
				GENERATE_INFOPLIST_FILE = YES;
				LOCALIZATION_PREFERS_STRING_CATALOGS = YES;
				MTL_ENABLE_DEBUG_INFO = INCLUDE_SOURCE;
				MTL_FAST_MATH = YES;
				ONLY_ACTIVE_ARCH = YES;
				SWIFT_ACTIVE_COMPILATION_CONDITIONS = "DEBUG $(inherited)";
				SWIFT_EMIT_LOC_STRINGS = YES;
				SWIFT_OPTIMIZATION_LEVEL = "-Onone";
			};
			name = Debug;
		};
		18B3683D2CE5FA130027FEBE /* Release */ = {
			isa = XCBuildConfiguration;
			buildSettings = {
				ALWAYS_SEARCH_USER_PATHS = NO;
				ASSETCATALOG_COMPILER_GENERATE_SWIFT_ASSET_SYMBOL_EXTENSIONS = YES;
				CLANG_ANALYZER_LOCALIZABILITY_NONLOCALIZED = YES;
				CLANG_ANALYZER_NONNULL = YES;
				CLANG_ANALYZER_NUMBER_OBJECT_CONVERSION = YES_AGGRESSIVE;
				CLANG_CXX_LANGUAGE_STANDARD = "gnu++20";
				CLANG_ENABLE_MODULES = YES;
				CLANG_ENABLE_OBJC_ARC = YES;
				CLANG_ENABLE_OBJC_WEAK = YES;
				CLANG_WARN_BLOCK_CAPTURE_AUTORELEASING = YES;
				CLANG_WARN_BOOL_CONVERSION = YES;
				CLANG_WARN_COMMA = YES;
				CLANG_WARN_CONSTANT_CONVERSION = YES;
				CLANG_WARN_DEPRECATED_OBJC_IMPLEMENTATIONS = YES;
				CLANG_WARN_DIRECT_OBJC_ISA_USAGE = YES_ERROR;
				CLANG_WARN_DOCUMENTATION_COMMENTS = YES;
				CLANG_WARN_EMPTY_BODY = YES;
				CLANG_WARN_ENUM_CONVERSION = YES;
				CLANG_WARN_INFINITE_RECURSION = YES;
				CLANG_WARN_INT_CONVERSION = YES;
				CLANG_WARN_NON_LITERAL_NULL_CONVERSION = YES;
				CLANG_WARN_OBJC_IMPLICIT_RETAIN_SELF = YES;
				CLANG_WARN_OBJC_LITERAL_CONVERSION = YES;
				CLANG_WARN_OBJC_ROOT_CLASS = YES_ERROR;
				CLANG_WARN_QUOTED_INCLUDE_IN_FRAMEWORK_HEADER = YES;
				CLANG_WARN_RANGE_LOOP_ANALYSIS = YES;
				CLANG_WARN_STRICT_PROTOTYPES = YES;
				CLANG_WARN_SUSPICIOUS_MOVE = YES;
				CLANG_WARN_UNGUARDED_AVAILABILITY = YES_AGGRESSIVE;
				CLANG_WARN_UNREACHABLE_CODE = YES;
				CLANG_WARN__DUPLICATE_METHOD_MATCH = YES;
				COPY_PHASE_STRIP = NO;
				DEAD_CODE_STRIPPING = YES;
				DEBUG_INFORMATION_FORMAT = "dwarf-with-dsym";
				ENABLE_NS_ASSERTIONS = NO;
				ENABLE_STRICT_OBJC_MSGSEND = YES;
				ENABLE_USER_SCRIPT_SANDBOXING = YES;
				GCC_C_LANGUAGE_STANDARD = gnu17;
				GCC_NO_COMMON_BLOCKS = YES;
				GCC_WARN_64_TO_32_BIT_CONVERSION = YES;
				GCC_WARN_ABOUT_RETURN_TYPE = YES_ERROR;
				GCC_WARN_UNDECLARED_SELECTOR = YES;
				GCC_WARN_UNINITIALIZED_AUTOS = YES_AGGRESSIVE;
				GCC_WARN_UNUSED_FUNCTION = YES;
				GCC_WARN_UNUSED_VARIABLE = YES;
				GENERATE_INFOPLIST_FILE = YES;
				LOCALIZATION_PREFERS_STRING_CATALOGS = YES;
				MTL_ENABLE_DEBUG_INFO = NO;
				MTL_FAST_MATH = YES;
				SWIFT_COMPILATION_MODE = wholemodule;
				SWIFT_EMIT_LOC_STRINGS = YES;
			};
			name = Release;
		};
		18B3683F2CE5FA130027FEBE /* Debug */ = {
			isa = XCBuildConfiguration;
			buildSettings = {
				ASSETCATALOG_COMPILER_APPICON_NAME = AppIcon;
				ASSETCATALOG_COMPILER_GLOBAL_ACCENT_COLOR_NAME = AccentColor;
				CODE_SIGN_ENTITLEMENTS = dauphin/dauphin.entitlements;
				CODE_SIGN_STYLE = Automatic;
				CURRENT_PROJECT_VERSION = 1;
				DEAD_CODE_STRIPPING = YES;
				DEVELOPMENT_ASSET_PATHS = "\"dauphin/Preview Content\"";
				DEVELOPMENT_TEAM = J7DG8X424B;
				ENABLE_HARDENED_RUNTIME = YES;
				ENABLE_PREVIEWS = YES;
				GENERATE_INFOPLIST_FILE = YES;
				INFOPLIST_FILE = dauphin/Info.plist;
				INFOPLIST_KEY_CFBundleDisplayName = Dauphin;
				INFOPLIST_KEY_NSFaceIDUsageDescription = "We need to unlock your data";
				"INFOPLIST_KEY_UIApplicationSceneManifest_Generation[sdk=iphoneos*]" = YES;
				"INFOPLIST_KEY_UIApplicationSceneManifest_Generation[sdk=iphonesimulator*]" = YES;
				"INFOPLIST_KEY_UIApplicationSupportsIndirectInputEvents[sdk=iphoneos*]" = YES;
				"INFOPLIST_KEY_UIApplicationSupportsIndirectInputEvents[sdk=iphonesimulator*]" = YES;
				"INFOPLIST_KEY_UILaunchScreen_Generation[sdk=iphoneos*]" = YES;
				"INFOPLIST_KEY_UILaunchScreen_Generation[sdk=iphonesimulator*]" = YES;
				"INFOPLIST_KEY_UIStatusBarStyle[sdk=iphoneos*]" = UIStatusBarStyleDefault;
				"INFOPLIST_KEY_UIStatusBarStyle[sdk=iphonesimulator*]" = UIStatusBarStyleDefault;
				INFOPLIST_KEY_UISupportedInterfaceOrientations = UIInterfaceOrientationPortrait;
				INFOPLIST_KEY_UISupportedInterfaceOrientations_iPad = "UIInterfaceOrientationLandscapeLeft UIInterfaceOrientationLandscapeRight UIInterfaceOrientationPortrait UIInterfaceOrientationPortraitUpsideDown";
				IPHONEOS_DEPLOYMENT_TARGET = 16.6;
				LD_RUNPATH_SEARCH_PATHS = "@executable_path/Frameworks";
				"LD_RUNPATH_SEARCH_PATHS[sdk=macosx*]" = "@executable_path/../Frameworks";
				MACOSX_DEPLOYMENT_TARGET = 15.1;
				MARKETING_VERSION = 1.0.2;
				NEW_SETTING = "";
				NEW_SETTING1 = "";
				PRODUCT_BUNDLE_IDENTIFIER = cantpr09ram.dauphin;
				PRODUCT_NAME = "$(TARGET_NAME)";
				SDKROOT = auto;
				SUPPORTED_PLATFORMS = "iphoneos iphonesimulator";
				SUPPORTS_MACCATALYST = NO;
				SWIFT_EMIT_LOC_STRINGS = YES;
				SWIFT_VERSION = 5.0;
				TARGETED_DEVICE_FAMILY = "1,2";
				XROS_DEPLOYMENT_TARGET = 2.1;
			};
			name = Debug;
		};
		18B368402CE5FA130027FEBE /* Release */ = {
			isa = XCBuildConfiguration;
			buildSettings = {
				ASSETCATALOG_COMPILER_APPICON_NAME = AppIcon;
				ASSETCATALOG_COMPILER_GLOBAL_ACCENT_COLOR_NAME = AccentColor;
				CODE_SIGN_ENTITLEMENTS = dauphin/dauphin.entitlements;
				CODE_SIGN_STYLE = Automatic;
				CURRENT_PROJECT_VERSION = 1;
				DEAD_CODE_STRIPPING = YES;
				DEVELOPMENT_ASSET_PATHS = "\"dauphin/Preview Content\"";
				DEVELOPMENT_TEAM = J7DG8X424B;
				ENABLE_HARDENED_RUNTIME = YES;
				ENABLE_PREVIEWS = YES;
				GENERATE_INFOPLIST_FILE = YES;
				INFOPLIST_FILE = dauphin/Info.plist;
				INFOPLIST_KEY_CFBundleDisplayName = Dauphin;
				INFOPLIST_KEY_NSFaceIDUsageDescription = "We need to unlock your data";
				"INFOPLIST_KEY_UIApplicationSceneManifest_Generation[sdk=iphoneos*]" = YES;
				"INFOPLIST_KEY_UIApplicationSceneManifest_Generation[sdk=iphonesimulator*]" = YES;
				"INFOPLIST_KEY_UIApplicationSupportsIndirectInputEvents[sdk=iphoneos*]" = YES;
				"INFOPLIST_KEY_UIApplicationSupportsIndirectInputEvents[sdk=iphonesimulator*]" = YES;
				"INFOPLIST_KEY_UILaunchScreen_Generation[sdk=iphoneos*]" = YES;
				"INFOPLIST_KEY_UILaunchScreen_Generation[sdk=iphonesimulator*]" = YES;
				"INFOPLIST_KEY_UIStatusBarStyle[sdk=iphoneos*]" = UIStatusBarStyleDefault;
				"INFOPLIST_KEY_UIStatusBarStyle[sdk=iphonesimulator*]" = UIStatusBarStyleDefault;
				INFOPLIST_KEY_UISupportedInterfaceOrientations = UIInterfaceOrientationPortrait;
				INFOPLIST_KEY_UISupportedInterfaceOrientations_iPad = "UIInterfaceOrientationLandscapeLeft UIInterfaceOrientationLandscapeRight UIInterfaceOrientationPortrait UIInterfaceOrientationPortraitUpsideDown";
				IPHONEOS_DEPLOYMENT_TARGET = 16.6;
				LD_RUNPATH_SEARCH_PATHS = "@executable_path/Frameworks";
				"LD_RUNPATH_SEARCH_PATHS[sdk=macosx*]" = "@executable_path/../Frameworks";
				MACOSX_DEPLOYMENT_TARGET = 15.1;
				MARKETING_VERSION = 1.0.2;
				NEW_SETTING = "";
				NEW_SETTING1 = "";
				PRODUCT_BUNDLE_IDENTIFIER = cantpr09ram.dauphin;
				PRODUCT_NAME = "$(TARGET_NAME)";
				SDKROOT = auto;
				SUPPORTED_PLATFORMS = "iphoneos iphonesimulator";
				SUPPORTS_MACCATALYST = NO;
				SWIFT_EMIT_LOC_STRINGS = YES;
				SWIFT_VERSION = 5.0;
				TARGETED_DEVICE_FAMILY = "1,2";
				XROS_DEPLOYMENT_TARGET = 2.1;
			};
			name = Release;
		};
		18B368422CE5FA130027FEBE /* Debug */ = {
			isa = XCBuildConfiguration;
			buildSettings = {
				BUNDLE_LOADER = "$(TEST_HOST)";
				CODE_SIGN_STYLE = Automatic;
				CURRENT_PROJECT_VERSION = 1;
				DEAD_CODE_STRIPPING = YES;
				DEVELOPMENT_TEAM = J7DG8X424B;
				GENERATE_INFOPLIST_FILE = YES;
				IPHONEOS_DEPLOYMENT_TARGET = 18.1;
				MACOSX_DEPLOYMENT_TARGET = 15.1;
				MARKETING_VERSION = 1.0;
				PRODUCT_BUNDLE_IDENTIFIER = "cantpr09ram.campuspass-iosTests";
				PRODUCT_NAME = "$(TARGET_NAME)";
				SDKROOT = auto;
				SUPPORTED_PLATFORMS = "iphoneos iphonesimulator macosx xros xrsimulator";
				SWIFT_EMIT_LOC_STRINGS = NO;
				SWIFT_VERSION = 5.0;
				TARGETED_DEVICE_FAMILY = "1,2,7";
				TEST_HOST = "$(BUILT_PRODUCTS_DIR)/dauphin.app/$(BUNDLE_EXECUTABLE_FOLDER_PATH)/dauphin";
				XROS_DEPLOYMENT_TARGET = 2.1;
			};
			name = Debug;
		};
		18B368432CE5FA130027FEBE /* Release */ = {
			isa = XCBuildConfiguration;
			buildSettings = {
				BUNDLE_LOADER = "$(TEST_HOST)";
				CODE_SIGN_STYLE = Automatic;
				CURRENT_PROJECT_VERSION = 1;
				DEAD_CODE_STRIPPING = YES;
				DEVELOPMENT_TEAM = J7DG8X424B;
				GENERATE_INFOPLIST_FILE = YES;
				IPHONEOS_DEPLOYMENT_TARGET = 18.1;
				MACOSX_DEPLOYMENT_TARGET = 15.1;
				MARKETING_VERSION = 1.0;
				PRODUCT_BUNDLE_IDENTIFIER = "cantpr09ram.campuspass-iosTests";
				PRODUCT_NAME = "$(TARGET_NAME)";
				SDKROOT = auto;
				SUPPORTED_PLATFORMS = "iphoneos iphonesimulator macosx xros xrsimulator";
				SWIFT_EMIT_LOC_STRINGS = NO;
				SWIFT_VERSION = 5.0;
				TARGETED_DEVICE_FAMILY = "1,2,7";
				TEST_HOST = "$(BUILT_PRODUCTS_DIR)/dauphin.app/$(BUNDLE_EXECUTABLE_FOLDER_PATH)/dauphin";
				XROS_DEPLOYMENT_TARGET = 2.1;
			};
			name = Release;
		};
		18B368452CE5FA130027FEBE /* Debug */ = {
			isa = XCBuildConfiguration;
			buildSettings = {
				CODE_SIGN_STYLE = Automatic;
				CURRENT_PROJECT_VERSION = 1;
				DEAD_CODE_STRIPPING = YES;
				DEVELOPMENT_TEAM = J7DG8X424B;
				GENERATE_INFOPLIST_FILE = YES;
				IPHONEOS_DEPLOYMENT_TARGET = 18.1;
				MACOSX_DEPLOYMENT_TARGET = 15.1;
				MARKETING_VERSION = 1.0;
				PRODUCT_BUNDLE_IDENTIFIER = "cantpr09ram.campuspass-iosUITests";
				PRODUCT_NAME = "$(TARGET_NAME)";
				SDKROOT = auto;
				SUPPORTED_PLATFORMS = "iphoneos iphonesimulator macosx xros xrsimulator";
				SWIFT_EMIT_LOC_STRINGS = NO;
				SWIFT_VERSION = 5.0;
				TARGETED_DEVICE_FAMILY = "1,2,7";
				TEST_TARGET_NAME = campuspass_ios;
				XROS_DEPLOYMENT_TARGET = 2.1;
			};
			name = Debug;
		};
		18B368462CE5FA130027FEBE /* Release */ = {
			isa = XCBuildConfiguration;
			buildSettings = {
				CODE_SIGN_STYLE = Automatic;
				CURRENT_PROJECT_VERSION = 1;
				DEAD_CODE_STRIPPING = YES;
				DEVELOPMENT_TEAM = J7DG8X424B;
				GENERATE_INFOPLIST_FILE = YES;
				IPHONEOS_DEPLOYMENT_TARGET = 18.1;
				MACOSX_DEPLOYMENT_TARGET = 15.1;
				MARKETING_VERSION = 1.0;
				PRODUCT_BUNDLE_IDENTIFIER = "cantpr09ram.campuspass-iosUITests";
				PRODUCT_NAME = "$(TARGET_NAME)";
				SDKROOT = auto;
				SUPPORTED_PLATFORMS = "iphoneos iphonesimulator macosx xros xrsimulator";
				SWIFT_EMIT_LOC_STRINGS = NO;
				SWIFT_VERSION = 5.0;
				TARGETED_DEVICE_FAMILY = "1,2,7";
				TEST_TARGET_NAME = campuspass_ios;
				XROS_DEPLOYMENT_TARGET = 2.1;
			};
			name = Release;
		};
/* End XCBuildConfiguration section */

/* Begin XCConfigurationList section */
		185C496A2CF6DD8600589C39 /* Build configuration list for PBXNativeTarget "CoursesWidgetExtension" */ = {
			isa = XCConfigurationList;
			buildConfigurations = (
				185C49682CF6DD8600589C39 /* Debug */,
				185C49692CF6DD8600589C39 /* Release */,
			);
			defaultConfigurationIsVisible = 0;
			defaultConfigurationName = Release;
		};
		18B368142CE5FA110027FEBE /* Build configuration list for PBXProject "Dauphin" */ = {
			isa = XCConfigurationList;
			buildConfigurations = (
				18B3683C2CE5FA130027FEBE /* Debug */,
				18B3683D2CE5FA130027FEBE /* Release */,
			);
			defaultConfigurationIsVisible = 0;
			defaultConfigurationName = Release;
		};
		18B3683E2CE5FA130027FEBE /* Build configuration list for PBXNativeTarget "dauphin" */ = {
			isa = XCConfigurationList;
			buildConfigurations = (
				18B3683F2CE5FA130027FEBE /* Debug */,
				18B368402CE5FA130027FEBE /* Release */,
			);
			defaultConfigurationIsVisible = 0;
			defaultConfigurationName = Release;
		};
		18B368412CE5FA130027FEBE /* Build configuration list for PBXNativeTarget "dauphinTests" */ = {
			isa = XCConfigurationList;
			buildConfigurations = (
				18B368422CE5FA130027FEBE /* Debug */,
				18B368432CE5FA130027FEBE /* Release */,
			);
			defaultConfigurationIsVisible = 0;
			defaultConfigurationName = Release;
		};
		18B368442CE5FA130027FEBE /* Build configuration list for PBXNativeTarget "dauphinUITests" */ = {
			isa = XCConfigurationList;
			buildConfigurations = (
				18B368452CE5FA130027FEBE /* Debug */,
				18B368462CE5FA130027FEBE /* Release */,
			);
			defaultConfigurationIsVisible = 0;
			defaultConfigurationName = Release;
		};
/* End XCConfigurationList section */

/* Begin XCRemoteSwiftPackageReference section */
		1826CDA42CF446E100471CA4 /* XCRemoteSwiftPackageReference "keychain-swift" */ = {
			isa = XCRemoteSwiftPackageReference;
			repositoryURL = "https://github.com/evgenyneu/keychain-swift.git";
			requirement = {
				kind = upToNextMajorVersion;
				minimumVersion = 24.0.0;
			};
		};
		1869F7D52D4AF0A70033F539 /* XCRemoteSwiftPackageReference "lottie-spm" */ = {
			isa = XCRemoteSwiftPackageReference;
			repositoryURL = "https://github.com/airbnb/lottie-spm.git";
			requirement = {
				kind = upToNextMajorVersion;
				minimumVersion = 4.5.1;
			};
		};
		18DF0BEB2CFAB056008E2674 /* XCRemoteSwiftPackageReference "Reachability" */ = {
			isa = XCRemoteSwiftPackageReference;
			repositoryURL = "https://github.com/ashleymills/Reachability.swift";
			requirement = {
				branch = master;
				kind = branch;
			};
		};
		18F5FBF62D2E6FD900D3212C /* XCRemoteSwiftPackageReference "swiftui-code39" */ = {
			isa = XCRemoteSwiftPackageReference;
			repositoryURL = "https://github.com/jiahan-wu/swiftui-code39.git";
			requirement = {
				kind = upToNextMajorVersion;
				minimumVersion = 1.1.0;
			};
		};
/* End XCRemoteSwiftPackageReference section */

/* Begin XCSwiftPackageProductDependency section */
		1826CDA72CF4477F00471CA4 /* KeychainSwift */ = {
			isa = XCSwiftPackageProductDependency;
			package = 1826CDA42CF446E100471CA4 /* XCRemoteSwiftPackageReference "keychain-swift" */;
			productName = KeychainSwift;
		};
		184BADB22CFAB273001811DB /* Reachability */ = {
			isa = XCSwiftPackageProductDependency;
			package = 18DF0BEB2CFAB056008E2674 /* XCRemoteSwiftPackageReference "Reachability" */;
			productName = Reachability;
		};
		184BADB42CFAB403001811DB /* Reachability */ = {
			isa = XCSwiftPackageProductDependency;
			package = 18DF0BEB2CFAB056008E2674 /* XCRemoteSwiftPackageReference "Reachability" */;
			productName = Reachability;
		};
		188D2E7E2CF81E4F005E1B52 /* KeychainSwift */ = {
			isa = XCSwiftPackageProductDependency;
			package = 1826CDA42CF446E100471CA4 /* XCRemoteSwiftPackageReference "keychain-swift" */;
			productName = KeychainSwift;
		};
		189DD2CE2D5C516F009AF8E7 /* Lottie */ = {
			isa = XCSwiftPackageProductDependency;
			package = 1869F7D52D4AF0A70033F539 /* XCRemoteSwiftPackageReference "lottie-spm" */;
			productName = Lottie;
		};
		18F5FBF72D2E706100D3212C /* Code39 */ = {
			isa = XCSwiftPackageProductDependency;
			package = 18F5FBF62D2E6FD900D3212C /* XCRemoteSwiftPackageReference "swiftui-code39" */;
			productName = Code39;
		};
/* End XCSwiftPackageProductDependency section */
	};
	rootObject = 18B368112CE5FA110027FEBE /* Project object */;
}
